
Microsoft Visual Studio Solution File, Format Version 11.00
# Visual Studio 2010
Project("{FAE04EC0-301F-11D3-BF4B-00C04F79EFBC}") = "envia", "envia\envia.csproj", "{05347DB8-6482-48C9-A1E6-2693C2B0B3A6}"
EndProject
Global
	GlobalSection(SolutionConfigurationPlatforms) = preSolution
		Debug|x86 = Debug|x86
		Release|x86 = Release|x86
	EndGlobalSection
	GlobalSection(ProjectConfigurationPlatforms) = postSolution
		{05347DB8-6482-48C9-A1E6-2693C2B0B3A6}.Debug|x86.ActiveCfg = Debug|x86
		{05347DB8-6482-48C9-A1E6-2693C2B0B3A6}.Debug|x86.Build.0 = Debug|x86
		{05347DB8-6482-48C9-A1E6-2693C2B0B3A6}.Release|x86.ActiveCfg = Release|x86
		{05347DB8-6482-48C9-A1E6-2693C2B0B3A6}.Release|x86.Build.0 = Release|x86
	EndGlobalSection
	GlobalSection(MonoDevelopProperties) = preSolution
		StartupItem = envia\envia.csproj
	EndGlobalSection
EndGlobal
